
Microsoft Visual Studio Solution File, Format Version 12.00
# Visual Studio Version 17
VisualStudioVersion = 17.4.33403.182
MinimumVisualStudioVersion = 10.0.40219.1
Project("{9A19103F-16F7-4668-BE54-9A1E7A4F7556}") = "Casheesh", "Casheesh.csproj", "{030E8346-3E28-45F8-8392-96EDFB4D303D}"
EndProject
Global
	GlobalSection(SolutionConfigurationPlatforms) = preSolution
		Debug|Any CPU = Debug|Any CPU
		P-Debug|Any CPU = P-Debug|Any CPU
		P-Release|Any CPU = P-Release|Any CPU
		Release|Any CPU = Release|Any CPU
	EndGlobalSection
	GlobalSection(ProjectConfigurationPlatforms) = postSolution
		{030E8346-3E28-45F8-8392-96EDFB4D303D}.Debug|Any CPU.ActiveCfg = Debug|Any CPU
		{030E8346-3E28-45F8-8392-96EDFB4D303D}.Debug|Any CPU.Build.0 = Debug|Any CPU
		{030E8346-3E28-45F8-8392-96EDFB4D303D}.P-Debug|Any CPU.ActiveCfg = P-Debug|Any CPU
		{030E8346-3E28-45F8-8392-96EDFB4D303D}.P-Debug|Any CPU.Build.0 = P-Debug|Any CPU
		{030E8346-3E28-45F8-8392-96EDFB4D303D}.P-Release|Any CPU.ActiveCfg = P-Release|Any CPU
		{030E8346-3E28-45F8-8392-96EDFB4D303D}.P-Release|Any CPU.Build.0 = P-Release|Any CPU
		{030E8346-3E28-45F8-8392-96EDFB4D303D}.Release|Any CPU.ActiveCfg = Release|Any CPU
		{030E8346-3E28-45F8-8392-96EDFB4D303D}.Release|Any CPU.Build.0 = Release|Any CPU
	EndGlobalSection
	GlobalSection(SolutionProperties) = preSolution
		HideSolutionNode = FALSE
	EndGlobalSection
	GlobalSection(ExtensibilityGlobals) = postSolution
		SolutionGuid = {857D3FE0-1DE5-46AE-AA06-1EB9768EE9DE}
	EndGlobalSection
EndGlobal
